PODS:
  - BaiduMobStatCodeless (5.0.0)

DEPENDENCIES:
  - BaiduMobStatCodeless

SPEC REPOS:
  https://github.com/cocoapods/specs.git:
    - BaiduMobStatCodeless

SPEC CHECKSUMS:
  BaiduMobStatCodeless: ef513de2f4fd1f39cf1ca70f0d2ddaedd0afb3ca

PODFILE CHECKSUM: d6ed30c95c016cf05f468f0e7c4c7e69e330f164

COCOAPODS: 1.5.3
