// !$*UTF8*$!
{
	archiveVersion = 1;
	classes = {
	};
	objectVersion = 50;
	objects = {

/* Begin PBXBuildFile section */
		231F53AD372D96E7B96E6040 /* Pods_iLeetcodeUITests.framework in Frameworks */ = {isa = PBXBuildFile; fileRef = 51E7ABBB7248C09B35E6E411 /* Pods_iLeetcodeUITests.framework */; };
		6D5000052245303900E114EE /* iLeetcodeUITests.swift in Sources */ = {isa = PBXBuildFile; fileRef = 6D5000042245303900E114EE /* iLeetcodeUITests.swift */; };
		6D50FFE52245303800E114EE /* AppDelegate.swift in Sources */ = {isa = PBXBuildFile; fileRef = 6D50FFE42245303800E114EE /* AppDelegate.swift */; };
		6D50FFE72245303800E114EE /* ViewController.swift in Sources */ = {isa = PBXBuildFile; fileRef = 6D50FFE62245303800E114EE /* ViewController.swift */; };
		6D50FFEA2245303800E114EE /* Main.storyboard in Resources */ = {isa = PBXBuildFile; fileRef = 6D50FFE82245303800E114EE /* Main.storyboard */; };
		6D50FFEC2245303900E114EE /* Assets.xcassets in Resources */ = {isa = PBXBuildFile; fileRef = 6D50FFEB2245303900E114EE /* Assets.xcassets */; };
		6D50FFEF2245303900E114EE /* LaunchScreen.storyboard in Resources */ = {isa = PBXBuildFile; fileRef = 6D50FFED2245303900E114EE /* LaunchScreen.storyboard */; };
		6D50FFFA2245303900E114EE /* iLeetcodeTests.swift in Sources */ = {isa = PBXBuildFile; fileRef = 6D50FFF92245303900E114EE /* iLeetcodeTests.swift */; };
		B4FCD3919C24192CF5B68556 /* Pods_iLeetcode.framework in Frameworks */ = {isa = PBXBuildFile; fileRef = 3A3A71F07229DD3CDC27E860 /* Pods_iLeetcode.framework */; };
		C9A7763915B703F24E800053 /* Pods_iLeetcodeTests.framework in Frameworks */ = {isa = PBXBuildFile; fileRef = 5F11E7A4DE09854B0FBA6A99 /* Pods_iLeetcodeTests.framework */; };
/* End PBXBuildFile section */

/* Begin PBXContainerItemProxy section */
		6D5000012245303900E114EE /* PBXContainerItemProxy */ = {
			isa = PBXContainerItemProxy;
			containerPortal = 6D50FFD92245303800E114EE /* Project object */;
			proxyType = 1;
			remoteGlobalIDString = 6D50FFE02245303800E114EE;
			remoteInfo = iLeetcode;
		};
		6D50FFF62245303900E114EE /* PBXContainerItemProxy */ = {
			isa = PBXContainerItemProxy;
			containerPortal = 6D50FFD92245303800E114EE /* Project object */;
			proxyType = 1;
			remoteGlobalIDString = 6D50FFE02245303800E114EE;
			remoteInfo = iLeetcode;
		};
/* End PBXContainerItemProxy section */

/* Begin PBXFileReference section */
		14438D3425260594D5AA4917 /* Pods-iLeetcode.debug.xcconfig */ = {isa = PBXFileReference; includeInIndex = 1; lastKnownFileType = text.xcconfig; name = "Pods-iLeetcode.debug.xcconfig"; path = "Pods/Target Support Files/Pods-iLeetcode/Pods-iLeetcode.debug.xcconfig"; sourceTree = "<group>"; };
		3A3A71F07229DD3CDC27E860 /* Pods_iLeetcode.framework */ = {isa = PBXFileReference; explicitFileType = wrapper.framework; includeInIndex = 0; path = Pods_iLeetcode.framework; sourceTree = BUILT_PRODUCTS_DIR; };
		41F0E8FAA20CC83DABEFB0E5 /* Pods-iLeetcodeUITests.release.xcconfig */ = {isa = PBXFileReference; includeInIndex = 1; lastKnownFileType = text.xcconfig; name = "Pods-iLeetcodeUITests.release.xcconfig"; path = "Pods/Target Support Files/Pods-iLeetcodeUITests/Pods-iLeetcodeUITests.release.xcconfig"; sourceTree = "<group>"; };
		51E7ABBB7248C09B35E6E411 /* Pods_iLeetcodeUITests.framework */ = {isa = PBXFileReference; explicitFileType = wrapper.framework; includeInIndex = 0; path = Pods_iLeetcodeUITests.framework; sourceTree = BUILT_PRODUCTS_DIR; };
		5A2C32754F8905ECDFAFD8B9 /* Pods-iLeetcodeTests.release.xcconfig */ = {isa = PBXFileReference; includeInIndex = 1; lastKnownFileType = text.xcconfig; name = "Pods-iLeetcodeTests.release.xcconfig"; path = "Pods/Target Support Files/Pods-iLeetcodeTests/Pods-iLeetcodeTests.release.xcconfig"; sourceTree = "<group>"; };
		5F11E7A4DE09854B0FBA6A99 /* Pods_iLeetcodeTests.framework */ = {isa = PBXFileReference; explicitFileType = wrapper.framework; includeInIndex = 0; path = Pods_iLeetcodeTests.framework; sourceTree = BUILT_PRODUCTS_DIR; };
		6D5000002245303900E114EE /* iLeetcodeUITests.xctest */ = {isa = PBXFileReference; explicitFileType = wrapper.cfbundle; includeInIndex = 0; path = iLeetcodeUITests.xctest; sourceTree = BUILT_PRODUCTS_DIR; };
		6D5000042245303900E114EE /* iLeetcodeUITests.swift */ = {isa = PBXFileReference; lastKnownFileType = sourcecode.swift; path = iLeetcodeUITests.swift; sourceTree = "<group>"; };
		6D5000062245303900E114EE /* Info.plist */ = {isa = PBXFileReference; lastKnownFileType = text.plist.xml; path = Info.plist; sourceTree = "<group>"; };
		6D500012224530D300E114EE /* zh-Hans */ = {isa = PBXFileReference; lastKnownFileType = text.plist.strings; name = "zh-Hans"; path = "zh-Hans.lproj/Main.strings"; sourceTree = "<group>"; };
		6D500013224530D400E114EE /* zh-Hans */ = {isa = PBXFileReference; lastKnownFileType = text.plist.strings; name = "zh-Hans"; path = "zh-Hans.lproj/LaunchScreen.strings"; sourceTree = "<group>"; };
		6D500014224530DC00E114EE /* zh-Hant */ = {isa = PBXFileReference; lastKnownFileType = text.plist.strings; name = "zh-Hant"; path = "zh-Hant.lproj/Main.strings"; sourceTree = "<group>"; };
		6D500015224530DC00E114EE /* zh-Hant */ = {isa = PBXFileReference; lastKnownFileType = text.plist.strings; name = "zh-Hant"; path = "zh-Hant.lproj/LaunchScreen.strings"; sourceTree = "<group>"; };
		6D500016224530E000E114EE /* zh-HK */ = {isa = PBXFileReference; lastKnownFileType = text.plist.strings; name = "zh-HK"; path = "zh-HK.lproj/Main.strings"; sourceTree = "<group>"; };
		6D500017224530E000E114EE /* zh-HK */ = {isa = PBXFileReference; lastKnownFileType = text.plist.strings; name = "zh-HK"; path = "zh-HK.lproj/LaunchScreen.strings"; sourceTree = "<group>"; };
		6D50FFE12245303800E114EE /* iLeetcode.app */ = {isa = PBXFileReference; explicitFileType = wrapper.application; includeInIndex = 0; path = iLeetcode.app; sourceTree = BUILT_PRODUCTS_DIR; };
		6D50FFE42245303800E114EE /* AppDelegate.swift */ = {isa = PBXFileReference; lastKnownFileType = sourcecode.swift; path = AppDelegate.swift; sourceTree = "<group>"; };
		6D50FFE62245303800E114EE /* ViewController.swift */ = {isa = PBXFileReference; lastKnownFileType = sourcecode.swift; path = ViewController.swift; sourceTree = "<group>"; };
		6D50FFE92245303800E114EE /* Base */ = {isa = PBXFileReference; lastKnownFileType = file.storyboard; name = Base; path = Base.lproj/Main.storyboard; sourceTree = "<group>"; };
		6D50FFEB2245303900E114EE /* Assets.xcassets */ = {isa = PBXFileReference; lastKnownFileType = folder.assetcatalog; path = Assets.xcassets; sourceTree = "<group>"; };
		6D50FFEE2245303900E114EE /* Base */ = {isa = PBXFileReference; lastKnownFileType = file.storyboard; name = Base; path = Base.lproj/LaunchScreen.storyboard; sourceTree = "<group>"; };
		6D50FFF02245303900E114EE /* Info.plist */ = {isa = PBXFileReference; lastKnownFileType = text.plist.xml; path = Info.plist; sourceTree = "<group>"; };
		6D50FFF52245303900E114EE /* iLeetcodeTests.xctest */ = {isa = PBXFileReference; explicitFileType = wrapper.cfbundle; includeInIndex = 0; path = iLeetcodeTests.xctest; sourceTree = BUILT_PRODUCTS_DIR; };
		6D50FFF92245303900E114EE /* iLeetcodeTests.swift */ = {isa = PBXFileReference; lastKnownFileType = sourcecode.swift; path = iLeetcodeTests.swift; sourceTree = "<group>"; };
		6D50FFFB2245303900E114EE /* Info.plist */ = {isa = PBXFileReference; lastKnownFileType = text.plist.xml; path = Info.plist; sourceTree = "<group>"; };
		72080D2D7C4D327D7452D6DC /* Pods-iLeetcode.release.xcconfig */ = {isa = PBXFileReference; includeInIndex = 1; lastKnownFileType = text.xcconfig; name = "Pods-iLeetcode.release.xcconfig"; path = "Pods/Target Support Files/Pods-iLeetcode/Pods-iLeetcode.release.xcconfig"; sourceTree = "<group>"; };
		843D8E763D4BE96EDE151B51 /* Pods-iLeetcodeUITests.debug.xcconfig */ = {isa = PBXFileReference; includeInIndex = 1; lastKnownFileType = text.xcconfig; name = "Pods-iLeetcodeUITests.debug.xcconfig"; path = "Pods/Target Support Files/Pods-iLeetcodeUITests/Pods-iLeetcodeUITests.debug.xcconfig"; sourceTree = "<group>"; };
		E7D2BB09E6F5CE858BACDA3E /* Pods-iLeetcodeTests.debug.xcconfig */ = {isa = PBXFileReference; includeInIndex = 1; lastKnownFileType = text.xcconfig; name = "Pods-iLeetcodeTests.debug.xcconfig"; path = "Pods/Target Support Files/Pods-iLeetcodeTests/Pods-iLeetcodeTests.debug.xcconfig"; sourceTree = "<group>"; };
/* End PBXFileReference section */

/* Begin PBXFrameworksBuildPhase section */
		6D50FFDE2245303800E114EE /* Frameworks */ = {
			isa = PBXFrameworksBuildPhase;
			buildActionMask = 2147483647;
			files = (
				B4FCD3919C24192CF5B68556 /* Pods_iLeetcode.framework in Frameworks */,
			);
			runOnlyForDeploymentPostprocessing = 0;
		};
		6D50FFF22245303900E114EE /* Frameworks */ = {
			isa = PBXFrameworksBuildPhase;
			buildActionMask = 2147483647;
			files = (
				C9A7763915B703F24E800053 /* Pods_iLeetcodeTests.framework in Frameworks */,
			);
			runOnlyForDeploymentPostprocessing = 0;
		};
		6D50FFFD2245303900E114EE /* Frameworks */ = {
			isa = PBXFrameworksBuildPhase;
			buildActionMask = 2147483647;
			files = (
				231F53AD372D96E7B96E6040 /* Pods_iLeetcodeUITests.framework in Frameworks */,
			);
			runOnlyForDeploymentPostprocessing = 0;
		};
/* End PBXFrameworksBuildPhase section */

/* Begin PBXGroup section */
		34F841CE65B541AA011D07B4 /* Pods */ = {
			isa = PBXGroup;
			children = (
				14438D3425260594D5AA4917 /* Pods-iLeetcode.debug.xcconfig */,
				72080D2D7C4D327D7452D6DC /* Pods-iLeetcode.release.xcconfig */,
				E7D2BB09E6F5CE858BACDA3E /* Pods-iLeetcodeTests.debug.xcconfig */,
				5A2C32754F8905ECDFAFD8B9 /* Pods-iLeetcodeTests.release.xcconfig */,
				843D8E763D4BE96EDE151B51 /* Pods-iLeetcodeUITests.debug.xcconfig */,
				41F0E8FAA20CC83DABEFB0E5 /* Pods-iLeetcodeUITests.release.xcconfig */,
			);
			name = Pods;
			sourceTree = "<group>";
		};
		40FB813A3668FD1405E47F63 /* Frameworks */ = {
			isa = PBXGroup;
			children = (
				3A3A71F07229DD3CDC27E860 /* Pods_iLeetcode.framework */,
				5F11E7A4DE09854B0FBA6A99 /* Pods_iLeetcodeTests.framework */,
				51E7ABBB7248C09B35E6E411 /* Pods_iLeetcodeUITests.framework */,
			);
			name = Frameworks;
			sourceTree = "<group>";
		};
		6D5000032245303900E114EE /* iLeetcodeUITests */ = {
			isa = PBXGroup;
			children = (
				6D5000042245303900E114EE /* iLeetcodeUITests.swift */,
				6D5000062245303900E114EE /* Info.plist */,
			);
			path = iLeetcodeUITests;
			sourceTree = "<group>";
		};
		6D50FFD82245303800E114EE = {
			isa = PBXGroup;
			children = (
				6D50FFE32245303800E114EE /* iLeetcode */,
				6D50FFF82245303900E114EE /* iLeetcodeTests */,
				6D5000032245303900E114EE /* iLeetcodeUITests */,
				6D50FFE22245303800E114EE /* Products */,
				34F841CE65B541AA011D07B4 /* Pods */,
				40FB813A3668FD1405E47F63 /* Frameworks */,
			);
			sourceTree = "<group>";
		};
		6D50FFE22245303800E114EE /* Products */ = {
			isa = PBXGroup;
			children = (
				6D50FFE12245303800E114EE /* iLeetcode.app */,
				6D50FFF52245303900E114EE /* iLeetcodeTests.xctest */,
				6D5000002245303900E114EE /* iLeetcodeUITests.xctest */,
			);
			name = Products;
			sourceTree = "<group>";
		};
		6D50FFE32245303800E114EE /* iLeetcode */ = {
			isa = PBXGroup;
			children = (
				6D50FFE42245303800E114EE /* AppDelegate.swift */,
				6D50FFE62245303800E114EE /* ViewController.swift */,
				6D50FFE82245303800E114EE /* Main.storyboard */,
				6D50FFEB2245303900E114EE /* Assets.xcassets */,
				6D50FFED2245303900E114EE /* LaunchScreen.storyboard */,
				6D50FFF02245303900E114EE /* Info.plist */,
			);
			path = iLeetcode;
			sourceTree = "<group>";
		};
		6D50FFF82245303900E114EE /* iLeetcodeTests */ = {
			isa = PBXGroup;
			children = (
				6D50FFF92245303900E114EE /* iLeetcodeTests.swift */,
				6D50FFFB2245303900E114EE /* Info.plist */,
			);
			path = iLeetcodeTests;
			sourceTree = "<group>";
		};
/* End PBXGroup section */

/* Begin PBXNativeTarget section */
		6D50FFE02245303800E114EE /* iLeetcode */ = {
			isa = PBXNativeTarget;
			buildConfigurationList = 6D5000092245303900E114EE /* Build configuration list for PBXNativeTarget "iLeetcode" */;
			buildPhases = (
				FFA17A1D5454B91BDFE9442C /* [CP] Check Pods Manifest.lock */,
				6D50FFDD2245303800E114EE /* Sources */,
				6D50FFDE2245303800E114EE /* Frameworks */,
				6D50FFDF2245303800E114EE /* Resources */,
			);
			buildRules = (
			);
			dependencies = (
			);
			name = iLeetcode;
			productName = iLeetcode;
			productReference = 6D50FFE12245303800E114EE /* iLeetcode.app */;
			productType = "com.apple.product-type.application";
		};
		6D50FFF42245303900E114EE /* iLeetcodeTests */ = {
			isa = PBXNativeTarget;
			buildConfigurationList = 6D50000C2245303900E114EE /* Build configuration list for PBXNativeTarget "iLeetcodeTests" */;
			buildPhases = (
				6301EEA409FDDF62534B1FAD /* [CP] Check Pods Manifest.lock */,
				6D50FFF12245303900E114EE /* Sources */,
				6D50FFF22245303900E114EE /* Frameworks */,
				6D50FFF32245303900E114EE /* Resources */,
			);
			buildRules = (
			);
			dependencies = (
				6D50FFF72245303900E114EE /* PBXTargetDependency */,
			);
			name = iLeetcodeTests;
			productName = iLeetcodeTests;
			productReference = 6D50FFF52245303900E114EE /* iLeetcodeTests.xctest */;
			productType = "com.apple.product-type.bundle.unit-test";
		};
		6D50FFFF2245303900E114EE /* iLeetcodeUITests */ = {
			isa = PBXNativeTarget;
			buildConfigurationList = 6D50000F2245303900E114EE /* Build configuration list for PBXNativeTarget "iLeetcodeUITests" */;
			buildPhases = (
				E43D63C14FD5656C3D955F0B /* [CP] Check Pods Manifest.lock */,
				6D50FFFC2245303900E114EE /* Sources */,
				6D50FFFD2245303900E114EE /* Frameworks */,
				6D50FFFE2245303900E114EE /* Resources */,
			);
			buildRules = (
			);
			dependencies = (
				6D5000022245303900E114EE /* PBXTargetDependency */,
			);
			name = iLeetcodeUITests;
			productName = iLeetcodeUITests;
			productReference = 6D5000002245303900E114EE /* iLeetcodeUITests.xctest */;
			productType = "com.apple.product-type.bundle.ui-testing";
		};
/* End PBXNativeTarget section */

/* Begin PBXProject section */
		6D50FFD92245303800E114EE /* Project object */ = {
			isa = PBXProject;
			attributes = {
				LastSwiftUpdateCheck = 1010;
				LastUpgradeCheck = 1010;
				ORGANIZATIONNAME = HTC;
				TargetAttributes = {
					6D50FFE02245303800E114EE = {
						CreatedOnToolsVersion = 10.1;
					};
					6D50FFF42245303900E114EE = {
						CreatedOnToolsVersion = 10.1;
						TestTargetID = 6D50FFE02245303800E114EE;
					};
					6D50FFFF2245303900E114EE = {
						CreatedOnToolsVersion = 10.1;
						TestTargetID = 6D50FFE02245303800E114EE;
					};
				};
			};
			buildConfigurationList = 6D50FFDC2245303800E114EE /* Build configuration list for PBXProject "iLeetcode" */;
			compatibilityVersion = "Xcode 9.3";
			developmentRegion = en;
			hasScannedForEncodings = 0;
			knownRegions = (
				en,
				Base,
				"zh-Hans",
				"zh-Hant",
				"zh-HK",
			);
			mainGroup = 6D50FFD82245303800E114EE;
			productRefGroup = 6D50FFE22245303800E114EE /* Products */;
			projectDirPath = "";
			projectRoot = "";
			targets = (
				6D50FFE02245303800E114EE /* iLeetcode */,
				6D50FFF42245303900E114EE /* iLeetcodeTests */,
				6D50FFFF2245303900E114EE /* iLeetcodeUITests */,
			);
		};
/* End PBXProject section */

/* Begin PBXResourcesBuildPhase section */
		6D50FFDF2245303800E114EE /* Resources */ = {
			isa = PBXResourcesBuildPhase;
			buildActionMask = 2147483647;
			files = (
				6D50FFEF2245303900E114EE /* LaunchScreen.storyboard in Resources */,
				6D50FFEC2245303900E114EE /* Assets.xcassets in Resources */,
				6D50FFEA2245303800E114EE /* Main.storyboard in Resources */,
			);
			runOnlyForDeploymentPostprocessing = 0;
		};
		6D50FFF32245303900E114EE /* Resources */ = {
			isa = PBXResourcesBuildPhase;
			buildActionMask = 2147483647;
			files = (
			);
			runOnlyForDeploymentPostprocessing = 0;
		};
		6D50FFFE2245303900E114EE /* Resources */ = {
			isa = PBXResourcesBuildPhase;
			buildActionMask = 2147483647;
			files = (
			);
			runOnlyForDeploymentPostprocessing = 0;
		};
/* End PBXResourcesBuildPhase section */

/* Begin PBXShellScriptBuildPhase section */
		6301EEA409FDDF62534B1FAD /* [CP] Check Pods Manifest.lock */ = {
			isa = PBXShellScriptBuildPhase;
			buildActionMask = 2147483647;
			files = (
			);
			inputFileListPaths = (
			);
			inputPaths = (
				"${PODS_PODFILE_DIR_PATH}/Podfile.lock",
				"${PODS_ROOT}/Manifest.lock",
			);
			name = "[CP] Check Pods Manifest.lock";
			outputFileListPaths = (
			);
			outputPaths = (
				"$(DERIVED_FILE_DIR)/Pods-iLeetcodeTests-checkManifestLockResult.txt",
			);
			runOnlyForDeploymentPostprocessing = 0;
			shellPath = /bin/sh;
			shellScript = "diff \"${PODS_PODFILE_DIR_PATH}/Podfile.lock\" \"${PODS_ROOT}/Manifest.lock\" > /dev/null\nif [ $? != 0 ] ; then\n    # print error to STDERR\n    echo \"error: The sandbox is not in sync with the Podfile.lock. Run 'pod install' or update your CocoaPods installation.\" >&2\n    exit 1\nfi\n# This output is used by Xcode 'outputs' to avoid re-running this script phase.\necho \"SUCCESS\" > \"${SCRIPT_OUTPUT_FILE_0}\"\n";
			showEnvVarsInLog = 0;
		};
		E43D63C14FD5656C3D955F0B /* [CP] Check Pods Manifest.lock */ = {
			isa = PBXShellScriptBuildPhase;
			buildActionMask = 2147483647;
			files = (
			);
			inputFileListPaths = (
			);
			inputPaths = (
				"${PODS_PODFILE_DIR_PATH}/Podfile.lock",
				"${PODS_ROOT}/Manifest.lock",
			);
			name = "[CP] Check Pods Manifest.lock";
			outputFileListPaths = (
			);
			outputPaths = (
				"$(DERIVED_FILE_DIR)/Pods-iLeetcodeUITests-checkManifestLockResult.txt",
			);
			runOnlyForDeploymentPostprocessing = 0;
			shellPath = /bin/sh;
			shellScript = "diff \"${PODS_PODFILE_DIR_PATH}/Podfile.lock\" \"${PODS_ROOT}/Manifest.lock\" > /dev/null\nif [ $? != 0 ] ; then\n    # print error to STDERR\n    echo \"error: The sandbox is not in sync with the Podfile.lock. Run 'pod install' or update your CocoaPods installation.\" >&2\n    exit 1\nfi\n# This output is used by Xcode 'outputs' to avoid re-running this script phase.\necho \"SUCCESS\" > \"${SCRIPT_OUTPUT_FILE_0}\"\n";
			showEnvVarsInLog = 0;
		};
		FFA17A1D5454B91BDFE9442C /* [CP] Check Pods Manifest.lock */ = {
			isa = PBXShellScriptBuildPhase;
			buildActionMask = 2147483647;
			files = (
			);
			inputFileListPaths = (
			);
			inputPaths = (
				"${PODS_PODFILE_DIR_PATH}/Podfile.lock",
				"${PODS_ROOT}/Manifest.lock",
			);
			name = "[CP] Check Pods Manifest.lock";
			outputFileListPaths = (
			);
			outputPaths = (
				"$(DERIVED_FILE_DIR)/Pods-iLeetcode-checkManifestLockResult.txt",
			);
			runOnlyForDeploymentPostprocessing = 0;
			shellPath = /bin/sh;
			shellScript = "diff \"${PODS_PODFILE_DIR_PATH}/Podfile.lock\" \"${PODS_ROOT}/Manifest.lock\" > /dev/null\nif [ $? != 0 ] ; then\n    # print error to STDERR\n    echo \"error: The sandbox is not in sync with the Podfile.lock. Run 'pod install' or update your CocoaPods installation.\" >&2\n    exit 1\nfi\n# This output is used by Xcode 'outputs' to avoid re-running this script phase.\necho \"SUCCESS\" > \"${SCRIPT_OUTPUT_FILE_0}\"\n";
			showEnvVarsInLog = 0;
		};
/* End PBXShellScriptBuildPhase section */

/* Begin PBXSourcesBuildPhase section */
		6D50FFDD2245303800E114EE /* Sources */ = {
			isa = PBXSourcesBuildPhase;
			buildActionMask = 2147483647;
			files = (
				6D50FFE72245303800E114EE /* ViewController.swift in Sources */,
				6D50FFE52245303800E114EE /* AppDelegate.swift in Sources */,
			);
			runOnlyForDeploymentPostprocessing = 0;
		};
		6D50FFF12245303900E114EE /* Sources */ = {
			isa = PBXSourcesBuildPhase;
			buildActionMask = 2147483647;
			files = (
				6D50FFFA2245303900E114EE /* iLeetcodeTests.swift in Sources */,
			);
			runOnlyForDeploymentPostprocessing = 0;
		};
		6D50FFFC2245303900E114EE /* Sources */ = {
			isa = PBXSourcesBuildPhase;
			buildActionMask = 2147483647;
			files = (
				6D5000052245303900E114EE /* iLeetcodeUITests.swift in Sources */,
			);
			runOnlyForDeploymentPostprocessing = 0;
		};
/* End PBXSourcesBuildPhase section */

/* Begin PBXTargetDependency section */
		6D5000022245303900E114EE /* PBXTargetDependency */ = {
			isa = PBXTargetDependency;
			target = 6D50FFE02245303800E114EE /* iLeetcode */;
			targetProxy = 6D5000012245303900E114EE /* PBXContainerItemProxy */;
		};
		6D50FFF72245303900E114EE /* PBXTargetDependency */ = {
			isa = PBXTargetDependency;
			target = 6D50FFE02245303800E114EE /* iLeetcode */;
			targetProxy = 6D50FFF62245303900E114EE /* PBXContainerItemProxy */;
		};
/* End PBXTargetDependency section */

/* Begin PBXVariantGroup section */
		6D50FFE82245303800E114EE /* Main.storyboard */ = {
			isa = PBXVariantGroup;
			children = (
				6D50FFE92245303800E114EE /* Base */,
				6D500012224530D300E114EE /* zh-Hans */,
				6D500014224530DC00E114EE /* zh-Hant */,
				6D500016224530E000E114EE /* zh-HK */,
			);
			name = Main.storyboard;
			sourceTree = "<group>";
		};
		6D50FFED2245303900E114EE /* LaunchScreen.storyboard */ = {
			isa = PBXVariantGroup;
			children = (
				6D50FFEE2245303900E114EE /* Base */,
				6D500013224530D400E114EE /* zh-Hans */,
				6D500015224530DC00E114EE /* zh-Hant */,
				6D500017224530E000E114EE /* zh-HK */,
			);
			name = LaunchScreen.storyboard;
			sourceTree = "<group>";
		};
/* End PBXVariantGroup section */

/* Begin XCBuildConfiguration section */
		6D5000072245303900E114EE /* Debug */ = {
			isa = XCBuildConfiguration;
			buildSettings = {
				ALWAYS_SEARCH_USER_PATHS = NO;
				CLANG_ANALYZER_LOCALIZABILITY_NONLOCALIZED = YES;
				CLANG_ANALYZER_NONNULL = YES;
				CLANG_ANALYZER_NUMBER_OBJECT_CONVERSION = YES_AGGRESSIVE;
				CLANG_CXX_LANGUAGE_STANDARD = "gnu++14";
				CLANG_CXX_LIBRARY = "libc++";
				CLANG_ENABLE_MODULES = YES;
				CLANG_ENABLE_OBJC_ARC = YES;
				CLANG_ENABLE_OBJC_WEAK = YES;
				CLANG_WARN_BLOCK_CAPTURE_AUTORELEASING = YES;
				CLANG_WARN_BOOL_CONVERSION = YES;
				CLANG_WARN_COMMA = YES;
				CLANG_WARN_CONSTANT_CONVERSION = YES;
				CLANG_WARN_DEPRECATED_OBJC_IMPLEMENTATIONS = YES;
				CLANG_WARN_DIRECT_OBJC_ISA_USAGE = YES_ERROR;
				CLANG_WARN_DOCUMENTATION_COMMENTS = YES;
				CLANG_WARN_EMPTY_BODY = YES;
				CLANG_WARN_ENUM_CONVERSION = YES;
				CLANG_WARN_INFINITE_RECURSION = YES;
				CLANG_WARN_INT_CONVERSION = YES;
				CLANG_WARN_NON_LITERAL_NULL_CONVERSION = YES;
				CLANG_WARN_OBJC_IMPLICIT_RETAIN_SELF = YES;
				CLANG_WARN_OBJC_LITERAL_CONVERSION = YES;
				CLANG_WARN_OBJC_ROOT_CLASS = YES_ERROR;
				CLANG_WARN_RANGE_LOOP_ANALYSIS = YES;
				CLANG_WARN_STRICT_PROTOTYPES = YES;
				CLANG_WARN_SUSPICIOUS_MOVE = YES;
				CLANG_WARN_UNGUARDED_AVAILABILITY = YES_AGGRESSIVE;
				CLANG_WARN_UNREACHABLE_CODE = YES;
				CLANG_WARN__DUPLICATE_METHOD_MATCH = YES;
				CODE_SIGN_IDENTITY = "iPhone Developer";
				COPY_PHASE_STRIP = NO;
				DEBUG_INFORMATION_FORMAT = dwarf;
				ENABLE_STRICT_OBJC_MSGSEND = YES;
				ENABLE_TESTABILITY = YES;
				GCC_C_LANGUAGE_STANDARD = gnu11;
				GCC_DYNAMIC_NO_PIC = NO;
				GCC_NO_COMMON_BLOCKS = YES;
				GCC_OPTIMIZATION_LEVEL = 0;
				GCC_PREPROCESSOR_DEFINITIONS = (
					"DEBUG=1",
					"$(inherited)",
				);
				GCC_WARN_64_TO_32_BIT_CONVERSION = YES;
				GCC_WARN_ABOUT_RETURN_TYPE = YES_ERROR;
				GCC_WARN_UNDECLARED_SELECTOR = YES;
				GCC_WARN_UNINITIALIZED_AUTOS = YES_AGGRESSIVE;
				GCC_WARN_UNUSED_FUNCTION = YES;
				GCC_WARN_UNUSED_VARIABLE = YES;
				IPHONEOS_DEPLOYMENT_TARGET = 9.0;
				MTL_ENABLE_DEBUG_INFO = INCLUDE_SOURCE;
				MTL_FAST_MATH = YES;
				ONLY_ACTIVE_ARCH = YES;
				SDKROOT = iphoneos;
				SWIFT_ACTIVE_COMPILATION_CONDITIONS = DEBUG;
				SWIFT_OPTIMIZATION_LEVEL = "-Onone";
			};
			name = Debug;
		};
		6D5000082245303900E114EE /* Release */ = {
			isa = XCBuildConfiguration;
			buildSettings = {
				ALWAYS_SEARCH_USER_PATHS = NO;
				CLANG_ANALYZER_LOCALIZABILITY_NONLOCALIZED = YES;
				CLANG_ANALYZER_NONNULL = YES;
				CLANG_ANALYZER_NUMBER_OBJECT_CONVERSION = YES_AGGRESSIVE;
				CLANG_CXX_LANGUAGE_STANDARD = "gnu++14";
				CLANG_CXX_LIBRARY = "libc++";
				CLANG_ENABLE_MODULES = YES;
				CLANG_ENABLE_OBJC_ARC = YES;
				CLANG_ENABLE_OBJC_WEAK = YES;
				CLANG_WARN_BLOCK_CAPTURE_AUTORELEASING = YES;
				CLANG_WARN_BOOL_CONVERSION = YES;
				CLANG_WARN_COMMA = YES;
				CLANG_WARN_CONSTANT_CONVERSION = YES;
				CLANG_WARN_DEPRECATED_OBJC_IMPLEMENTATIONS = YES;
				CLANG_WARN_DIRECT_OBJC_ISA_USAGE = YES_ERROR;
				CLANG_WARN_DOCUMENTATION_COMMENTS = YES;
				CLANG_WARN_EMPTY_BODY = YES;
				CLANG_WARN_ENUM_CONVERSION = YES;
				CLANG_WARN_INFINITE_RECURSION = YES;
				CLANG_WARN_INT_CONVERSION = YES;
				CLANG_WARN_NON_LITERAL_NULL_CONVERSION = YES;
				CLANG_WARN_OBJC_IMPLICIT_RETAIN_SELF = YES;
				CLANG_WARN_OBJC_LITERAL_CONVERSION = YES;
				CLANG_WARN_OBJC_ROOT_CLASS = YES_ERROR;
				CLANG_WARN_RANGE_LOOP_ANALYSIS = YES;
				CLANG_WARN_STRICT_PROTOTYPES = YES;
				CLANG_WARN_SUSPICIOUS_MOVE = YES;
				CLANG_WARN_UNGUARDED_AVAILABILITY = YES_AGGRESSIVE;
				CLANG_WARN_UNREACHABLE_CODE = YES;
				CLANG_WARN__DUPLICATE_METHOD_MATCH = YES;
				CODE_SIGN_IDENTITY = "iPhone Developer";
				COPY_PHASE_STRIP = NO;
				DEBUG_INFORMATION_FORMAT = "dwarf-with-dsym";
				ENABLE_NS_ASSERTIONS = NO;
				ENABLE_STRICT_OBJC_MSGSEND = YES;
				GCC_C_LANGUAGE_STANDARD = gnu11;
				GCC_NO_COMMON_BLOCKS = YES;
				GCC_WARN_64_TO_32_BIT_CONVERSION = YES;
				GCC_WARN_ABOUT_RETURN_TYPE = YES_ERROR;
				GCC_WARN_UNDECLARED_SELECTOR = YES;
				GCC_WARN_UNINITIALIZED_AUTOS = YES_AGGRESSIVE;
				GCC_WARN_UNUSED_FUNCTION = YES;
				GCC_WARN_UNUSED_VARIABLE = YES;
				IPHONEOS_DEPLOYMENT_TARGET = 9.0;
				MTL_ENABLE_DEBUG_INFO = NO;
				MTL_FAST_MATH = YES;
				SDKROOT = iphoneos;
				SWIFT_COMPILATION_MODE = wholemodule;
				SWIFT_OPTIMIZATION_LEVEL = "-O";
				VALIDATE_PRODUCT = YES;
			};
			name = Release;
		};
		6D50000A2245303900E114EE /* Debug */ = {
			isa = XCBuildConfiguration;
			baseConfigurationReference = 14438D3425260594D5AA4917 /* Pods-iLeetcode.debug.xcconfig */;
			buildSettings = {
				ASSETCATALOG_COMPILER_APPICON_NAME = AppIcon;
				CODE_SIGN_STYLE = Automatic;
				DEVELOPMENT_TEAM = 28PV6G96R7;
				INFOPLIST_FILE = iLeetcode/Info.plist;
				IPHONEOS_DEPLOYMENT_TARGET = 9.0;
				LD_RUNPATH_SEARCH_PATHS = (
					"$(inherited)",
					"@executable_path/Frameworks",
				);
				PRODUCT_BUNDLE_IDENTIFIER = com.iHTCboy.iLeetcode;
				PRODUCT_NAME = "$(TARGET_NAME)";
				SWIFT_VERSION = 4.2;
				TARGETED_DEVICE_FAMILY = "1,2";
			};
			name = Debug;
		};
		6D50000B2245303900E114EE /* Release */ = {
			isa = XCBuildConfiguration;
			baseConfigurationReference = 72080D2D7C4D327D7452D6DC /* Pods-iLeetcode.release.xcconfig */;
			buildSettings = {
				ASSETCATALOG_COMPILER_APPICON_NAME = AppIcon;
				CODE_SIGN_STYLE = Automatic;
				DEVELOPMENT_TEAM = 28PV6G96R7;
				INFOPLIST_FILE = iLeetcode/Info.plist;
				IPHONEOS_DEPLOYMENT_TARGET = 9.0;
				LD_RUNPATH_SEARCH_PATHS = (
					"$(inherited)",
					"@executable_path/Frameworks",
				);
				PRODUCT_BUNDLE_IDENTIFIER = com.iHTCboy.iLeetcode;
				PRODUCT_NAME = "$(TARGET_NAME)";
				SWIFT_VERSION = 4.2;
				TARGETED_DEVICE_FAMILY = "1,2";
			};
			name = Release;
		};
		6D50000D2245303900E114EE /* Debug */ = {
			isa = XCBuildConfiguration;
			baseConfigurationReference = E7D2BB09E6F5CE858BACDA3E /* Pods-iLeetcodeTests.debug.xcconfig */;
			buildSettings = {
				ALWAYS_EMBED_SWIFT_STANDARD_LIBRARIES = YES;
				BUNDLE_LOADER = "$(TEST_HOST)";
				CODE_SIGN_STYLE = Automatic;
				DEVELOPMENT_TEAM = 28PV6G96R7;
				INFOPLIST_FILE = iLeetcodeTests/Info.plist;
				LD_RUNPATH_SEARCH_PATHS = (
					"$(inherited)",
					"@executable_path/Frameworks",
					"@loader_path/Frameworks",
				);
				PRODUCT_BUNDLE_IDENTIFIER = com.iHTCboy.iLeetcodeTests;
				PRODUCT_NAME = "$(TARGET_NAME)";
				SWIFT_VERSION = 4.2;
				TARGETED_DEVICE_FAMILY = "1,2";
				TEST_HOST = "$(BUILT_PRODUCTS_DIR)/iLeetcode.app/iLeetcode";
			};
			name = Debug;
		};
		6D50000E2245303900E114EE /* Release */ = {
			isa = XCBuildConfiguration;
			baseConfigurationReference = 5A2C32754F8905ECDFAFD8B9 /* Pods-iLeetcodeTests.release.xcconfig */;
			buildSettings = {
				ALWAYS_EMBED_SWIFT_STANDARD_LIBRARIES = YES;
				BUNDLE_LOADER = "$(TEST_HOST)";
				CODE_SIGN_STYLE = Automatic;
				DEVELOPMENT_TEAM = 28PV6G96R7;
				INFOPLIST_FILE = iLeetcodeTests/Info.plist;
				LD_RUNPATH_SEARCH_PATHS = (
					"$(inherited)",
					"@executable_path/Frameworks",
					"@loader_path/Frameworks",
				);
				PRODUCT_BUNDLE_IDENTIFIER = com.iHTCboy.iLeetcodeTests;
				PRODUCT_NAME = "$(TARGET_NAME)";
				SWIFT_VERSION = 4.2;
				TARGETED_DEVICE_FAMILY = "1,2";
				TEST_HOST = "$(BUILT_PRODUCTS_DIR)/iLeetcode.app/iLeetcode";
			};
			name = Release;
		};
		6D5000102245303900E114EE /* Debug */ = {
			isa = XCBuildConfiguration;
			baseConfigurationReference = 843D8E763D4BE96EDE151B51 /* Pods-iLeetcodeUITests.debug.xcconfig */;
			buildSettings = {
				ALWAYS_EMBED_SWIFT_STANDARD_LIBRARIES = YES;
				CODE_SIGN_STYLE = Automatic;
				DEVELOPMENT_TEAM = 28PV6G96R7;
				INFOPLIST_FILE = iLeetcodeUITests/Info.plist;
				LD_RUNPATH_SEARCH_PATHS = (
					"$(inherited)",
					"@executable_path/Frameworks",
					"@loader_path/Frameworks",
				);
				PRODUCT_BUNDLE_IDENTIFIER = com.iHTCboy.iLeetcodeUITests;
				PRODUCT_NAME = "$(TARGET_NAME)";
				SWIFT_VERSION = 4.2;
				TARGETED_DEVICE_FAMILY = "1,2";
				TEST_TARGET_NAME = iLeetcode;
			};
			name = Debug;
		};
		6D5000112245303900E114EE /* Release */ = {
			isa = XCBuildConfiguration;
			baseConfigurationReference = 41F0E8FAA20CC83DABEFB0E5 /* Pods-iLeetcodeUITests.release.xcconfig */;
			buildSettings = {
				ALWAYS_EMBED_SWIFT_STANDARD_LIBRARIES = YES;
				CODE_SIGN_STYLE = Automatic;
				DEVELOPMENT_TEAM = 28PV6G96R7;
				INFOPLIST_FILE = iLeetcodeUITests/Info.plist;
				LD_RUNPATH_SEARCH_PATHS = (
					"$(inherited)",
					"@executable_path/Frameworks",
					"@loader_path/Frameworks",
				);
				PRODUCT_BUNDLE_IDENTIFIER = com.iHTCboy.iLeetcodeUITests;
				PRODUCT_NAME = "$(TARGET_NAME)";
				SWIFT_VERSION = 4.2;
				TARGETED_DEVICE_FAMILY = "1,2";
				TEST_TARGET_NAME = iLeetcode;
			};
			name = Release;
		};
/* End XCBuildConfiguration section */

/* Begin XCConfigurationList section */
		6D5000092245303900E114EE /* Build configuration list for PBXNativeTarget "iLeetcode" */ = {
			isa = XCConfigurationList;
			buildConfigurations = (
				6D50000A2245303900E114EE /* Debug */,
				6D50000B2245303900E114EE /* Release */,
			);
			defaultConfigurationIsVisible = 0;
			defaultConfigurationName = Release;
		};
		6D50000C2245303900E114EE /* Build configuration list for PBXNativeTarget "iLeetcodeTests" */ = {
			isa = XCConfigurationList;
			buildConfigurations = (
				6D50000D2245303900E114EE /* Debug */,
				6D50000E2245303900E114EE /* Release */,
			);
			defaultConfigurationIsVisible = 0;
			defaultConfigurationName = Release;
		};
		6D50000F2245303900E114EE /* Build configuration list for PBXNativeTarget "iLeetcodeUITests" */ = {
			isa = XCConfigurationList;
			buildConfigurations = (
				6D5000102245303900E114EE /* Debug */,
				6D5000112245303900E114EE /* Release */,
			);
			defaultConfigurationIsVisible = 0;
			defaultConfigurationName = Release;
		};
		6D50FFDC2245303800E114EE /* Build configuration list for PBXProject "iLeetcode" */ = {
			isa = XCConfigurationList;
			buildConfigurations = (
				6D5000072245303900E114EE /* Debug */,
				6D5000082245303900E114EE /* Release */,
			);
			defaultConfigurationIsVisible = 0;
			defaultConfigurationName = Release;
		};
/* End XCConfigurationList section */
	};
	rootObject = 6D50FFD92245303800E114EE /* Project object */;
}
